{
  "originHash" : "35094d066467ddce910f1aca4ec060cbf48dd2133e5292614d1e6ac0b5d41321",
  "pins" : [
    {
      "identity" : "dog",
      "kind" : "remoteSourceControl",
      "location" : "https://github.com/Lakr233/Dog",
      "state" : {
        "revision" : "68e7bce39115914dcb280c702843c1da8d72e24d",
        "version" : "0.1.2"
      }
    },
    {
      "identity" : "libghostty-spm",
      "kind" : "remoteSourceControl",
      "location" : "https://github.com/Lakr233/libghostty-spm",
      "state" : {
        "revision" : "5a025555f0a85ee51da7eb306c35f660d116e879",
        "version" : "1.6.20260928"
      }
    },
    {
      "identity" : "msdisplaylink",
      "kind" : "remoteSourceControl",
      "location" : "https://github.com/Lakr233/MSDisplayLink.git",
      "state" : {
        "revision" : "87eb0af130744c8cbe2e31b6e1a5bcd659f1c220",
        "version" : "2.2.0"
      }
    },
    {
      "identity" : "spindicator",
      "kind" : "remoteSourceControl",
      "location" : "https://github.com/ivanvorobei/SPIndicator",
      "state" : {
        "revision" : "e8a045f91757b32bb29c6feff1644ef79c8daedf",
        "version" : "1.6.5"
      }
    }
  ],
  "version" : 3
}
